
Microsoft Visual Studio Solution File, Format Version 12.00
# Visual Studio Version 17
VisualStudioVersion = 17.5.2.0
MinimumVisualStudioVersion = 10.0.40219.1
Project("{FAE04EC0-301F-11D3-BF4B-00C04F79EFBC}") = "Fixação 03", "Fixação 03.csproj", "{B6A931DD-2F58-3317-74CA-A3BED42EED24}"
EndProject
Global
	GlobalSection(SolutionConfigurationPlatforms) = preSolution
		Debug|Any CPU = Debug|Any CPU
		Release|Any CPU = Release|Any CPU
	EndGlobalSection
	GlobalSection(ProjectConfigurationPlatforms) = postSolution
		{B6A931DD-2F58-3317-74CA-A3BED42EED24}.Debug|Any CPU.ActiveCfg = Debug|Any CPU
		{B6A931DD-2F58-3317-74CA-A3BED42EED24}.Debug|Any CPU.Build.0 = Debug|Any CPU
		{B6A931DD-2F58-3317-74CA-A3BED42EED24}.Release|Any CPU.ActiveCfg = Release|Any CPU
		{B6A931DD-2F58-3317-74CA-A3BED42EED24}.Release|Any CPU.Build.0 = Release|Any CPU
	EndGlobalSection
	GlobalSection(SolutionProperties) = preSolution
		HideSolutionNode = FALSE
	EndGlobalSection
	GlobalSection(ExtensibilityGlobals) = postSolution
		SolutionGuid = {7A4932CF-E748-492D-BDEC-3D4868EDA839}
	EndGlobalSection
EndGlobal
