Microsoft Visual Studio Solution File, Format Version 12.00
# Visual Studio Version 17
VisualStudioVersion = 17.5.2.0
MinimumVisualStudioVersion = 10.0.40219.1
Project("{FAE04EC0-301F-11D3-BF4B-00C04F79EFBC}") = "AED - Aula 09", "AED - Aula 09.csproj", "{EB223895-E88D-E289-D563-5306FFE2236A}"
EndProject
Global
	GlobalSection(SolutionConfigurationPlatforms) = preSolution
		Debug|Any CPU = Debug|Any CPU
		Release|Any CPU = Release|Any CPU
	EndGlobalSection
	GlobalSection(ProjectConfigurationPlatforms) = postSolution
		{EB223895-E88D-E289-D563-5306FFE2236A}.Debug|Any CPU.ActiveCfg = Debug|Any CPU
		{EB223895-E88D-E289-D563-5306FFE2236A}.Debug|Any CPU.Build.0 = Debug|Any CPU
		{EB223895-E88D-E289-D563-5306FFE2236A}.Release|Any CPU.ActiveCfg = Release|Any CPU
		{EB223895-E88D-E289-D563-5306FFE2236A}.Release|Any CPU.Build.0 = Release|Any CPU
	EndGlobalSection
	GlobalSection(SolutionProperties) = preSolution
		HideSolutionNode = FALSE
	EndGlobalSection
	GlobalSection(ExtensibilityGlobals) = postSolution
		SolutionGuid = {59AC7963-3CDE-4D3F-B3C3-17EE82B590C7}
	EndGlobalSection
EndGlobal
