Microsoft Visual Studio Solution File, Format Version 12.00
# Visual Studio Version 17
VisualStudioVersion = 17.5.2.0
MinimumVisualStudioVersion = 10.0.40219.1
Project("{FAE04EC0-301F-11D3-BF4B-00C04F79EFBC}") = "AED - Aula 10", "AED - Aula 10.csproj", "{DCF61CD6-BFD0-6666-F0CE-62E947BDAEBB}"
EndProject
Global
	GlobalSection(SolutionConfigurationPlatforms) = preSolution
		Debug|Any CPU = Debug|Any CPU
		Release|Any CPU = Release|Any CPU
	EndGlobalSection
	GlobalSection(ProjectConfigurationPlatforms) = postSolution
		{DCF61CD6-BFD0-6666-F0CE-62E947BDAEBB}.Debug|Any CPU.ActiveCfg = Debug|Any CPU
		{DCF61CD6-BFD0-6666-F0CE-62E947BDAEBB}.Debug|Any CPU.Build.0 = Debug|Any CPU
		{DCF61CD6-BFD0-6666-F0CE-62E947BDAEBB}.Release|Any CPU.ActiveCfg = Release|Any CPU
		{DCF61CD6-BFD0-6666-F0CE-62E947BDAEBB}.Release|Any CPU.Build.0 = Release|Any CPU
	EndGlobalSection
	GlobalSection(SolutionProperties) = preSolution
		HideSolutionNode = FALSE
	EndGlobalSection
	GlobalSection(ExtensibilityGlobals) = postSolution
		SolutionGuid = {3D7C0131-C575-4A1E-B7A7-147ED9AB0249}
	EndGlobalSection
EndGlobal
