
Microsoft Visual Studio Solution File, Format Version 12.00
# Visual Studio Version 17
VisualStudioVersion = 17.5.2.0
MinimumVisualStudioVersion = 10.0.40219.1
Project("{FAE04EC0-301F-11D3-BF4B-00C04F79EFBC}") = "Exercício 9", "Exercício 9.csproj", "{C4344A26-2BC7-094D-BA59-DB8C349B0842}"
EndProject
Global
	GlobalSection(SolutionConfigurationPlatforms) = preSolution
		Debug|Any CPU = Debug|Any CPU
		Release|Any CPU = Release|Any CPU
	EndGlobalSection
	GlobalSection(ProjectConfigurationPlatforms) = postSolution
		{C4344A26-2BC7-094D-BA59-DB8C349B0842}.Debug|Any CPU.ActiveCfg = Debug|Any CPU
		{C4344A26-2BC7-094D-BA59-DB8C349B0842}.Debug|Any CPU.Build.0 = Debug|Any CPU
		{C4344A26-2BC7-094D-BA59-DB8C349B0842}.Release|Any CPU.ActiveCfg = Release|Any CPU
		{C4344A26-2BC7-094D-BA59-DB8C349B0842}.Release|Any CPU.Build.0 = Release|Any CPU
	EndGlobalSection
	GlobalSection(SolutionProperties) = preSolution
		HideSolutionNode = FALSE
	EndGlobalSection
	GlobalSection(ExtensibilityGlobals) = postSolution
		SolutionGuid = {B7EAA7B8-582F-4AB3-B3C1-B8A4F2E92603}
	EndGlobalSection
EndGlobal
