
Microsoft Visual Studio Solution File, Format Version 12.00
# Visual Studio Version 17
VisualStudioVersion = 17.5.2.0
MinimumVisualStudioVersion = 10.0.40219.1
Project("{FAE04EC0-301F-11D3-BF4B-00C04F79EFBC}") = "Revisão 01", "Revisão 01\Revisão 01.csproj", "{F3BCA68A-059A-5134-7056-FB80E724CB76}"
EndProject
Global
	GlobalSection(SolutionConfigurationPlatforms) = preSolution
		Debug|Any CPU = Debug|Any CPU
		Release|Any CPU = Release|Any CPU
	EndGlobalSection
	GlobalSection(ProjectConfigurationPlatforms) = postSolution
		{F3BCA68A-059A-5134-7056-FB80E724CB76}.Debug|Any CPU.ActiveCfg = Debug|Any CPU
		{F3BCA68A-059A-5134-7056-FB80E724CB76}.Debug|Any CPU.Build.0 = Debug|Any CPU
		{F3BCA68A-059A-5134-7056-FB80E724CB76}.Release|Any CPU.ActiveCfg = Release|Any CPU
		{F3BCA68A-059A-5134-7056-FB80E724CB76}.Release|Any CPU.Build.0 = Release|Any CPU
	EndGlobalSection
	GlobalSection(SolutionProperties) = preSolution
		HideSolutionNode = FALSE
	EndGlobalSection
	GlobalSection(ExtensibilityGlobals) = postSolution
		SolutionGuid = {E01F850D-D70C-4CAB-8110-012699027D56}
	EndGlobalSection
EndGlobal
