Microsoft Visual Studio Solution File, Format Version 12.00
# Visual Studio Version 17
VisualStudioVersion = 17.5.2.0
MinimumVisualStudioVersion = 10.0.40219.1
Project("{FAE04EC0-301F-11D3-BF4B-00C04F79EFBC}") = "AED - Aula 06.2", "AED - Aula 06.2.csproj", "{2B145A05-EE3A-4602-B65C-E07D2A463912}"
EndProject
Global
	GlobalSection(SolutionConfigurationPlatforms) = preSolution
		Debug|Any CPU = Debug|Any CPU
		Release|Any CPU = Release|Any CPU
	EndGlobalSection
	GlobalSection(ProjectConfigurationPlatforms) = postSolution
		{2B145A05-EE3A-4602-B65C-E07D2A463912}.Debug|Any CPU.ActiveCfg = Debug|Any CPU
		{2B145A05-EE3A-4602-B65C-E07D2A463912}.Debug|Any CPU.Build.0 = Debug|Any CPU
		{2B145A05-EE3A-4602-B65C-E07D2A463912}.Release|Any CPU.ActiveCfg = Release|Any CPU
		{2B145A05-EE3A-4602-B65C-E07D2A463912}.Release|Any CPU.Build.0 = Release|Any CPU
	EndGlobalSection
	GlobalSection(SolutionProperties) = preSolution
		HideSolutionNode = FALSE
	EndGlobalSection
	GlobalSection(ExtensibilityGlobals) = postSolution
		SolutionGuid = {365F299E-64BB-4094-AB04-96586BDD3AD3}
	EndGlobalSection
EndGlobal
