
Microsoft Visual Studio Solution File, Format Version 12.00
# Visual Studio Version 17
VisualStudioVersion = 17.5.2.0
MinimumVisualStudioVersion = 10.0.40219.1
Project("{FAE04EC0-301F-11D3-BF4B-00C04F79EFBC}") = "Exercícios Recursividade - Fixação", "Exercícios Recursividade - Fixação.csproj", "{DB67DF0E-A23C-FE7B-D6B2-FB521EB90623}"
EndProject
Global
	GlobalSection(SolutionConfigurationPlatforms) = preSolution
		Debug|Any CPU = Debug|Any CPU
		Release|Any CPU = Release|Any CPU
	EndGlobalSection
	GlobalSection(ProjectConfigurationPlatforms) = postSolution
		{DB67DF0E-A23C-FE7B-D6B2-FB521EB90623}.Debug|Any CPU.ActiveCfg = Debug|Any CPU
		{DB67DF0E-A23C-FE7B-D6B2-FB521EB90623}.Debug|Any CPU.Build.0 = Debug|Any CPU
		{DB67DF0E-A23C-FE7B-D6B2-FB521EB90623}.Release|Any CPU.ActiveCfg = Release|Any CPU
		{DB67DF0E-A23C-FE7B-D6B2-FB521EB90623}.Release|Any CPU.Build.0 = Release|Any CPU
	EndGlobalSection
	GlobalSection(SolutionProperties) = preSolution
		HideSolutionNode = FALSE
	EndGlobalSection
	GlobalSection(ExtensibilityGlobals) = postSolution
		SolutionGuid = {E13B5C72-B18A-46B1-8D3C-AA6AA1590CD2}
	EndGlobalSection
EndGlobal
