Microsoft Visual Studio Solution File, Format Version 12.00
# Visual Studio Version 17
VisualStudioVersion = 17.5.2.0
MinimumVisualStudioVersion = 10.0.40219.1
Project("{FAE04EC0-301F-11D3-BF4B-00C04F79EFBC}") = "AED - Aula 05", "AED - Aula 05.csproj", "{88B193AB-2EEA-BA46-D74B-B60E518A46DF}"
EndProject
Global
	GlobalSection(SolutionConfigurationPlatforms) = preSolution
		Debug|Any CPU = Debug|Any CPU
		Release|Any CPU = Release|Any CPU
	EndGlobalSection
	GlobalSection(ProjectConfigurationPlatforms) = postSolution
		{88B193AB-2EEA-BA46-D74B-B60E518A46DF}.Debug|Any CPU.ActiveCfg = Debug|Any CPU
		{88B193AB-2EEA-BA46-D74B-B60E518A46DF}.Debug|Any CPU.Build.0 = Debug|Any CPU
		{88B193AB-2EEA-BA46-D74B-B60E518A46DF}.Release|Any CPU.ActiveCfg = Release|Any CPU
		{88B193AB-2EEA-BA46-D74B-B60E518A46DF}.Release|Any CPU.Build.0 = Release|Any CPU
	EndGlobalSection
	GlobalSection(SolutionProperties) = preSolution
		HideSolutionNode = FALSE
	EndGlobalSection
	GlobalSection(ExtensibilityGlobals) = postSolution
		SolutionGuid = {4398DD11-DA5A-4BCC-BF55-AF041B61E52C}
	EndGlobalSection
EndGlobal
