
Microsoft Visual Studio Solution File, Format Version 12.00
# Visual Studio Version 17
VisualStudioVersion = 17.5.2.0
MinimumVisualStudioVersion = 10.0.40219.1
Project("{FAE04EC0-301F-11D3-BF4B-00C04F79EFBC}") = "Exercício 2", "Exercício 2.csproj", "{733644AD-A9E2-B589-DCA2-67FBE9B30C85}"
EndProject
Global
	GlobalSection(SolutionConfigurationPlatforms) = preSolution
		Debug|Any CPU = Debug|Any CPU
		Release|Any CPU = Release|Any CPU
	EndGlobalSection
	GlobalSection(ProjectConfigurationPlatforms) = postSolution
		{733644AD-A9E2-B589-DCA2-67FBE9B30C85}.Debug|Any CPU.ActiveCfg = Debug|Any CPU
		{733644AD-A9E2-B589-DCA2-67FBE9B30C85}.Debug|Any CPU.Build.0 = Debug|Any CPU
		{733644AD-A9E2-B589-DCA2-67FBE9B30C85}.Release|Any CPU.ActiveCfg = Release|Any CPU
		{733644AD-A9E2-B589-DCA2-67FBE9B30C85}.Release|Any CPU.Build.0 = Release|Any CPU
	EndGlobalSection
	GlobalSection(SolutionProperties) = preSolution
		HideSolutionNode = FALSE
	EndGlobalSection
	GlobalSection(ExtensibilityGlobals) = postSolution
		SolutionGuid = {DF61CA3F-8549-4CAD-A0CE-5A6CB0C9CB9A}
	EndGlobalSection
EndGlobal
