
Microsoft Visual Studio Solution File, Format Version 12.00
# Visual Studio Version 17
VisualStudioVersion = 17.5.2.0
MinimumVisualStudioVersion = 10.0.40219.1
Project("{FAE04EC0-301F-11D3-BF4B-00C04F79EFBC}") = "Revisão 01", "Revisão 01.csproj", "{38AAA522-2855-9691-8E41-3824214ADAE0}"
EndProject
Global
	GlobalSection(SolutionConfigurationPlatforms) = preSolution
		Debug|Any CPU = Debug|Any CPU
		Release|Any CPU = Release|Any CPU
	EndGlobalSection
	GlobalSection(ProjectConfigurationPlatforms) = postSolution
		{38AAA522-2855-9691-8E41-3824214ADAE0}.Debug|Any CPU.ActiveCfg = Debug|Any CPU
		{38AAA522-2855-9691-8E41-3824214ADAE0}.Debug|Any CPU.Build.0 = Debug|Any CPU
		{38AAA522-2855-9691-8E41-3824214ADAE0}.Release|Any CPU.ActiveCfg = Release|Any CPU
		{38AAA522-2855-9691-8E41-3824214ADAE0}.Release|Any CPU.Build.0 = Release|Any CPU
	EndGlobalSection
	GlobalSection(SolutionProperties) = preSolution
		HideSolutionNode = FALSE
	EndGlobalSection
	GlobalSection(ExtensibilityGlobals) = postSolution
		SolutionGuid = {CD8A6096-077A-478C-831D-F0CAE73C0284}
	EndGlobalSection
EndGlobal
