
Microsoft Visual Studio Solution File, Format Version 12.00
# Visual Studio Version 17
VisualStudioVersion = 17.5.2.0
MinimumVisualStudioVersion = 10.0.40219.1
Project("{FAE04EC0-301F-11D3-BF4B-00C04F79EFBC}") = "Revisão 04", "Revisão 04.csproj", "{7F7D07E5-F065-4FA2-4C13-F52375FAF292}"
EndProject
Global
	GlobalSection(SolutionConfigurationPlatforms) = preSolution
		Debug|Any CPU = Debug|Any CPU
		Release|Any CPU = Release|Any CPU
	EndGlobalSection
	GlobalSection(ProjectConfigurationPlatforms) = postSolution
		{7F7D07E5-F065-4FA2-4C13-F52375FAF292}.Debug|Any CPU.ActiveCfg = Debug|Any CPU
		{7F7D07E5-F065-4FA2-4C13-F52375FAF292}.Debug|Any CPU.Build.0 = Debug|Any CPU
		{7F7D07E5-F065-4FA2-4C13-F52375FAF292}.Release|Any CPU.ActiveCfg = Release|Any CPU
		{7F7D07E5-F065-4FA2-4C13-F52375FAF292}.Release|Any CPU.Build.0 = Release|Any CPU
	EndGlobalSection
	GlobalSection(SolutionProperties) = preSolution
		HideSolutionNode = FALSE
	EndGlobalSection
	GlobalSection(ExtensibilityGlobals) = postSolution
		SolutionGuid = {49BC40C3-A9AB-457F-A1C6-E144C9AF2B62}
	EndGlobalSection
EndGlobal
