Microsoft Visual Studio Solution File, Format Version 12.00
# Visual Studio Version 17
VisualStudioVersion = 17.5.2.0
MinimumVisualStudioVersion = 10.0.40219.1
Project("{FAE04EC0-301F-11D3-BF4B-00C04F79EFBC}") = "AED - Aula 03.2", "AED - Aula 03.2.csproj", "{6FA82886-8D95-A16D-2BB4-3EE2CC8F23CE}"
EndProject
Global
	GlobalSection(SolutionConfigurationPlatforms) = preSolution
		Debug|Any CPU = Debug|Any CPU
		Release|Any CPU = Release|Any CPU
	EndGlobalSection
	GlobalSection(ProjectConfigurationPlatforms) = postSolution
		{6FA82886-8D95-A16D-2BB4-3EE2CC8F23CE}.Debug|Any CPU.ActiveCfg = Debug|Any CPU
		{6FA82886-8D95-A16D-2BB4-3EE2CC8F23CE}.Debug|Any CPU.Build.0 = Debug|Any CPU
		{6FA82886-8D95-A16D-2BB4-3EE2CC8F23CE}.Release|Any CPU.ActiveCfg = Release|Any CPU
		{6FA82886-8D95-A16D-2BB4-3EE2CC8F23CE}.Release|Any CPU.Build.0 = Release|Any CPU
	EndGlobalSection
	GlobalSection(SolutionProperties) = preSolution
		HideSolutionNode = FALSE
	EndGlobalSection
	GlobalSection(ExtensibilityGlobals) = postSolution
		SolutionGuid = {67E11D09-10DD-4B1A-9BD2-ADC5B5DE645B}
	EndGlobalSection
EndGlobal
