
Microsoft Visual Studio Solution File, Format Version 12.00
# Visual Studio Version 17
VisualStudioVersion = 17.5.2.0
MinimumVisualStudioVersion = 10.0.40219.1
Project("{FAE04EC0-301F-11D3-BF4B-00C04F79EFBC}") = "Revisão 13", "Revisão 13.csproj", "{9ECFD721-771C-5851-AC7C-8CDC2E5595A6}"
EndProject
Global
	GlobalSection(SolutionConfigurationPlatforms) = preSolution
		Debug|Any CPU = Debug|Any CPU
		Release|Any CPU = Release|Any CPU
	EndGlobalSection
	GlobalSection(ProjectConfigurationPlatforms) = postSolution
		{9ECFD721-771C-5851-AC7C-8CDC2E5595A6}.Debug|Any CPU.ActiveCfg = Debug|Any CPU
		{9ECFD721-771C-5851-AC7C-8CDC2E5595A6}.Debug|Any CPU.Build.0 = Debug|Any CPU
		{9ECFD721-771C-5851-AC7C-8CDC2E5595A6}.Release|Any CPU.ActiveCfg = Release|Any CPU
		{9ECFD721-771C-5851-AC7C-8CDC2E5595A6}.Release|Any CPU.Build.0 = Release|Any CPU
	EndGlobalSection
	GlobalSection(SolutionProperties) = preSolution
		HideSolutionNode = FALSE
	EndGlobalSection
	GlobalSection(ExtensibilityGlobals) = postSolution
		SolutionGuid = {62F33C24-3251-4ED3-AFA1-00B0CA5879C0}
	EndGlobalSection
EndGlobal
